
Microsoft Visual Studio Solution File, Format Version 12.00
# Visual Studio Version 16
VisualStudioVersion = 16.0.31025.194
MinimumVisualStudioVersion = 10.0.40219.1
Project("{FAE04EC0-301F-11D3-BF4B-00C04F79EFBC}") = "103_DataGrind_C", "103_DataGrind_C\103_DataGrind_C.csproj", "{3E6030B8-C085-4392-BBC1-680F61166865}"
EndProject
Global
	GlobalSection(SolutionConfigurationPlatforms) = preSolution
		Debug|Any CPU = Debug|Any CPU
		Release|Any CPU = Release|Any CPU
	EndGlobalSection
	GlobalSection(ProjectConfigurationPlatforms) = postSolution
		{3E6030B8-C085-4392-BBC1-680F61166865}.Debug|Any CPU.ActiveCfg = Debug|Any CPU
		{3E6030B8-C085-4392-BBC1-680F61166865}.Debug|Any CPU.Build.0 = Debug|Any CPU
		{3E6030B8-C085-4392-BBC1-680F61166865}.Release|Any CPU.ActiveCfg = Release|Any CPU
		{3E6030B8-C085-4392-BBC1-680F61166865}.Release|Any CPU.Build.0 = Release|Any CPU
	EndGlobalSection
	GlobalSection(SolutionProperties) = preSolution
		HideSolutionNode = FALSE
	EndGlobalSection
	GlobalSection(ExtensibilityGlobals) = postSolution
		SolutionGuid = {8F57515B-BFBD-4BE9-B5B5-AE054616744F}
	EndGlobalSection
EndGlobal
